// !$*UTF8*$!
{
	archiveVersion = 1;
	classes = {
	};
	objectVersion = 46;
	objects = {

/* Begin PBXBuildFile section */
		134062901E8E4B3E00D888C4 /* main.m in Sources */ = {isa = PBXBuildFile; fileRef = 1340628F1E8E4B3E00D888C4 /* main.m */; };
		134062961E8E4E8800D888C4 /* lsd in CopyFiles */ = {isa = PBXBuildFile; fileRef = 1340628C1E8E4B3E00D888C4 /* lsd */; };
		134062991E8E65EB00D888C4 /* YGCommand.m in Sources */ = {isa = PBXBuildFile; fileRef = 134062981E8E65EB00D888C4 /* YGCommand.m */; };
		134062A21E8E66E200D888C4 /* YGPrintLine.m in Sources */ = {isa = PBXBuildFile; fileRef = 134062A11E8E66E200D888C4 /* YGPrintLine.m */; };
		134062A51E8E6B3E00D888C4 /* YGApplication.m in Sources */ = {isa = PBXBuildFile; fileRef = 134062A41E8E6B3E00D888C4 /* YGApplication.m */; };
		134062A81E8E6DE000D888C4 /* YGConfig.m in Sources */ = {isa = PBXBuildFile; fileRef = 134062A71E8E6DE000D888C4 /* YGConfig.m */; };
		134062AB1E8E6DF800D888C4 /* YGPreferences.m in Sources */ = {isa = PBXBuildFile; fileRef = 134062AA1E8E6DF800D888C4 /* YGPreferences.m */; };
		134062B21E8E717600D888C4 /* YGOptions.m in Sources */ = {isa = PBXBuildFile; fileRef = 134062B11E8E717500D888C4 /* YGOptions.m */; };
		134062D21E8E83EE00D888C4 /* YGPrintVertical.m in Sources */ = {isa = PBXBuildFile; fileRef = 134062D11E8E83EE00D888C4 /* YGPrintVertical.m */; };
		13A56B1C1E90C6380030F1B8 /* YGPrintHelp.m in Sources */ = {isa = PBXBuildFile; fileRef = 13A56B1B1E90C6380030F1B8 /* YGPrintHelp.m */; };
		13CFA5961E8EE89E00FC93C6 /* YGDirectory.m in Sources */ = {isa = PBXBuildFile; fileRef = 13CFA5951E8EE89E00FC93C6 /* YGDirectory.m */; };
		13CFA59A1E8EEA2E00FC93C6 /* YGDirectorySorter.m in Sources */ = {isa = PBXBuildFile; fileRef = 13CFA5991E8EEA2E00FC93C6 /* YGDirectorySorter.m */; };
/* End PBXBuildFile section */

/* Begin PBXCopyFilesBuildPhase section */
		1340628A1E8E4B3E00D888C4 /* CopyFiles */ = {
			isa = PBXCopyFilesBuildPhase;
			buildActionMask = 12;
			dstPath = /usr/local/bin;
			dstSubfolderSpec = 0;
			files = (
				134062961E8E4E8800D888C4 /* lsd in CopyFiles */,
			);
			runOnlyForDeploymentPostprocessing = 0;
		};
/* End PBXCopyFilesBuildPhase section */

/* Begin PBXFileReference section */
		1340628C1E8E4B3E00D888C4 /* lsd */ = {isa = PBXFileReference; explicitFileType = "compiled.mach-o.executable"; includeInIndex = 0; path = lsd; sourceTree = BUILT_PRODUCTS_DIR; };
		1340628F1E8E4B3E00D888C4 /* main.m */ = {isa = PBXFileReference; lastKnownFileType = sourcecode.c.objc; path = main.m; sourceTree = "<group>"; };
		134062971E8E65EB00D888C4 /* YGCommand.h */ = {isa = PBXFileReference; fileEncoding = 4; lastKnownFileType = sourcecode.c.h; path = YGCommand.h; sourceTree = "<group>"; };
		134062981E8E65EB00D888C4 /* YGCommand.m */ = {isa = PBXFileReference; fileEncoding = 4; lastKnownFileType = sourcecode.c.objc; path = YGCommand.m; sourceTree = "<group>"; };
		134062A01E8E66E200D888C4 /* YGPrintLine.h */ = {isa = PBXFileReference; fileEncoding = 4; lastKnownFileType = sourcecode.c.h; path = YGPrintLine.h; sourceTree = "<group>"; };
		134062A11E8E66E200D888C4 /* YGPrintLine.m */ = {isa = PBXFileReference; fileEncoding = 4; lastKnownFileType = sourcecode.c.objc; path = YGPrintLine.m; sourceTree = "<group>"; };
		134062A31E8E6B3E00D888C4 /* YGApplication.h */ = {isa = PBXFileReference; fileEncoding = 4; lastKnownFileType = sourcecode.c.h; path = YGApplication.h; sourceTree = "<group>"; };
		134062A41E8E6B3E00D888C4 /* YGApplication.m */ = {isa = PBXFileReference; fileEncoding = 4; lastKnownFileType = sourcecode.c.objc; path = YGApplication.m; sourceTree = "<group>"; };
		134062A61E8E6DE000D888C4 /* YGConfig.h */ = {isa = PBXFileReference; fileEncoding = 4; lastKnownFileType = sourcecode.c.h; path = YGConfig.h; sourceTree = "<group>"; };
		134062A71E8E6DE000D888C4 /* YGConfig.m */ = {isa = PBXFileReference; fileEncoding = 4; lastKnownFileType = sourcecode.c.objc; path = YGConfig.m; sourceTree = "<group>"; };
		134062A91E8E6DF800D888C4 /* YGPreferences.h */ = {isa = PBXFileReference; fileEncoding = 4; lastKnownFileType = sourcecode.c.h; path = YGPreferences.h; sourceTree = "<group>"; };
		134062AA1E8E6DF800D888C4 /* YGPreferences.m */ = {isa = PBXFileReference; fileEncoding = 4; lastKnownFileType = sourcecode.c.objc; path = YGPreferences.m; sourceTree = "<group>"; };
		134062B01E8E717500D888C4 /* YGOptions.h */ = {isa = PBXFileReference; fileEncoding = 4; lastKnownFileType = sourcecode.c.h; path = YGOptions.h; sourceTree = "<group>"; };
		134062B11E8E717500D888C4 /* YGOptions.m */ = {isa = PBXFileReference; fileEncoding = 4; lastKnownFileType = sourcecode.c.objc; path = YGOptions.m; sourceTree = "<group>"; };
		134062CC1E8E779700D888C4 /* defineConstants.h */ = {isa = PBXFileReference; lastKnownFileType = sourcecode.c.h; path = defineConstants.h; sourceTree = "<group>"; };
		134062D01E8E83EE00D888C4 /* YGPrintVertical.h */ = {isa = PBXFileReference; fileEncoding = 4; lastKnownFileType = sourcecode.c.h; path = YGPrintVertical.h; sourceTree = "<group>"; };
		134062D11E8E83EE00D888C4 /* YGPrintVertical.m */ = {isa = PBXFileReference; fileEncoding = 4; lastKnownFileType = sourcecode.c.objc; path = YGPrintVertical.m; sourceTree = "<group>"; };
		13A56B1A1E90C6380030F1B8 /* YGPrintHelp.h */ = {isa = PBXFileReference; fileEncoding = 4; lastKnownFileType = sourcecode.c.h; path = YGPrintHelp.h; sourceTree = "<group>"; };
		13A56B1B1E90C6380030F1B8 /* YGPrintHelp.m */ = {isa = PBXFileReference; fileEncoding = 4; lastKnownFileType = sourcecode.c.objc; path = YGPrintHelp.m; sourceTree = "<group>"; };
		13CFA5941E8EE89E00FC93C6 /* YGDirectory.h */ = {isa = PBXFileReference; fileEncoding = 4; lastKnownFileType = sourcecode.c.h; path = YGDirectory.h; sourceTree = "<group>"; };
		13CFA5951E8EE89E00FC93C6 /* YGDirectory.m */ = {isa = PBXFileReference; fileEncoding = 4; lastKnownFileType = sourcecode.c.objc; path = YGDirectory.m; sourceTree = "<group>"; };
		13CFA5981E8EEA2E00FC93C6 /* YGDirectorySorter.h */ = {isa = PBXFileReference; fileEncoding = 4; lastKnownFileType = sourcecode.c.h; path = YGDirectorySorter.h; sourceTree = "<group>"; };
		13CFA5991E8EEA2E00FC93C6 /* YGDirectorySorter.m */ = {isa = PBXFileReference; fileEncoding = 4; lastKnownFileType = sourcecode.c.objc; path = YGDirectorySorter.m; sourceTree = "<group>"; };
/* End PBXFileReference section */

/* Begin PBXFrameworksBuildPhase section */
		134062891E8E4B3E00D888C4 /* Frameworks */ = {
			isa = PBXFrameworksBuildPhase;
			buildActionMask = 2147483647;
			files = (
			);
			runOnlyForDeploymentPostprocessing = 0;
		};
/* End PBXFrameworksBuildPhase section */

/* Begin PBXGroup section */
		134062831E8E4B3E00D888C4 = {
			isa = PBXGroup;
			children = (
				1340628E1E8E4B3E00D888C4 /* lsd */,
				1340628D1E8E4B3E00D888C4 /* Products */,
			);
			sourceTree = "<group>";
		};
		1340628D1E8E4B3E00D888C4 /* Products */ = {
			isa = PBXGroup;
			children = (
				1340628C1E8E4B3E00D888C4 /* lsd */,
			);
			name = Products;
			sourceTree = "<group>";
		};
		1340628E1E8E4B3E00D888C4 /* lsd */ = {
			isa = PBXGroup;
			children = (
				1340628F1E8E4B3E00D888C4 /* main.m */,
				134062A31E8E6B3E00D888C4 /* YGApplication.h */,
				134062A41E8E6B3E00D888C4 /* YGApplication.m */,
				13CFA59B1E8EFFFE00FC93C6 /* Commands */,
				13BECD221E90420500A62028 /* Directories */,
				13CFA5971E8EE9A000FC93C6 /* Tools */,
			);
			path = lsd;
			sourceTree = "<group>";
		};
		13BECD221E90420500A62028 /* Directories */ = {
			isa = PBXGroup;
			children = (
				13CFA5941E8EE89E00FC93C6 /* YGDirectory.h */,
				13CFA5951E8EE89E00FC93C6 /* YGDirectory.m */,
				13CFA5981E8EEA2E00FC93C6 /* YGDirectorySorter.h */,
				13CFA5991E8EEA2E00FC93C6 /* YGDirectorySorter.m */,
			);
			name = Directories;
			sourceTree = "<group>";
		};
		13CFA5971E8EE9A000FC93C6 /* Tools */ = {
			isa = PBXGroup;
			children = (
				134062A91E8E6DF800D888C4 /* YGPreferences.h */,
				134062AA1E8E6DF800D888C4 /* YGPreferences.m */,
				134062B01E8E717500D888C4 /* YGOptions.h */,
				134062B11E8E717500D888C4 /* YGOptions.m */,
				134062A61E8E6DE000D888C4 /* YGConfig.h */,
				134062A71E8E6DE000D888C4 /* YGConfig.m */,
				134062CC1E8E779700D888C4 /* defineConstants.h */,
			);
			name = Tools;
			sourceTree = "<group>";
		};
		13CFA59B1E8EFFFE00FC93C6 /* Commands */ = {
			isa = PBXGroup;
			children = (
				134062971E8E65EB00D888C4 /* YGCommand.h */,
				134062981E8E65EB00D888C4 /* YGCommand.m */,
				134062A01E8E66E200D888C4 /* YGPrintLine.h */,
				134062A11E8E66E200D888C4 /* YGPrintLine.m */,
				134062D01E8E83EE00D888C4 /* YGPrintVertical.h */,
				134062D11E8E83EE00D888C4 /* YGPrintVertical.m */,
				13A56B1A1E90C6380030F1B8 /* YGPrintHelp.h */,
				13A56B1B1E90C6380030F1B8 /* YGPrintHelp.m */,
			);
			name = Commands;
			sourceTree = "<group>";
		};
/* End PBXGroup section */

/* Begin PBXNativeTarget section */
		1340628B1E8E4B3E00D888C4 /* lsd */ = {
			isa = PBXNativeTarget;
			buildConfigurationList = 134062931E8E4B3E00D888C4 /* Build configuration list for PBXNativeTarget "lsd" */;
			buildPhases = (
				134062881E8E4B3E00D888C4 /* Sources */,
				134062891E8E4B3E00D888C4 /* Frameworks */,
				1340628A1E8E4B3E00D888C4 /* CopyFiles */,
			);
			buildRules = (
			);
			dependencies = (
			);
			name = lsd;
			productName = lsd;
			productReference = 1340628C1E8E4B3E00D888C4 /* lsd */;
			productType = "com.apple.product-type.tool";
		};
/* End PBXNativeTarget section */

/* Begin PBXProject section */
		134062841E8E4B3E00D888C4 /* Project object */ = {
			isa = PBXProject;
			attributes = {
				LastUpgradeCheck = 0900;
				ORGANIZATIONNAME = "Yan Gerasimuk";
				TargetAttributes = {
					1340628B1E8E4B3E00D888C4 = {
						CreatedOnToolsVersion = 8.3;
						DevelopmentTeam = EF64T58JW4;
						ProvisioningStyle = Automatic;
					};
				};
			};
			buildConfigurationList = 134062871E8E4B3E00D888C4 /* Build configuration list for PBXProject "lsd" */;
			compatibilityVersion = "Xcode 3.2";
			developmentRegion = English;
			hasScannedForEncodings = 0;
			knownRegions = (
				en,
			);
			mainGroup = 134062831E8E4B3E00D888C4;
			productRefGroup = 1340628D1E8E4B3E00D888C4 /* Products */;
			projectDirPath = "";
			projectRoot = "";
			targets = (
				1340628B1E8E4B3E00D888C4 /* lsd */,
			);
		};
/* End PBXProject section */

/* Begin PBXSourcesBuildPhase section */
		134062881E8E4B3E00D888C4 /* Sources */ = {
			isa = PBXSourcesBuildPhase;
			buildActionMask = 2147483647;
			files = (
				134062B21E8E717600D888C4 /* YGOptions.m in Sources */,
				13CFA59A1E8EEA2E00FC93C6 /* YGDirectorySorter.m in Sources */,
				134062D21E8E83EE00D888C4 /* YGPrintVertical.m in Sources */,
				134062AB1E8E6DF800D888C4 /* YGPreferences.m in Sources */,
				134062A51E8E6B3E00D888C4 /* YGApplication.m in Sources */,
				13A56B1C1E90C6380030F1B8 /* YGPrintHelp.m in Sources */,
				134062901E8E4B3E00D888C4 /* main.m in Sources */,
				134062991E8E65EB00D888C4 /* YGCommand.m in Sources */,
				134062A21E8E66E200D888C4 /* YGPrintLine.m in Sources */,
				13CFA5961E8EE89E00FC93C6 /* YGDirectory.m in Sources */,
				134062A81E8E6DE000D888C4 /* YGConfig.m in Sources */,
			);
			runOnlyForDeploymentPostprocessing = 0;
		};
/* End PBXSourcesBuildPhase section */

/* Begin XCBuildConfiguration section */
		134062911E8E4B3E00D888C4 /* Debug */ = {
			isa = XCBuildConfiguration;
			buildSettings = {
				ALWAYS_SEARCH_USER_PATHS = NO;
				CLANG_ANALYZER_NONNULL = YES;
				CLANG_ANALYZER_NUMBER_OBJECT_CONVERSION = YES_AGGRESSIVE;
				CLANG_CXX_LANGUAGE_STANDARD = "gnu++0x";
				CLANG_CXX_LIBRARY = "libc++";
				CLANG_ENABLE_MODULES = YES;
				CLANG_ENABLE_OBJC_ARC = YES;
				CLANG_WARN_BLOCK_CAPTURE_AUTORELEASING = YES;
				CLANG_WARN_BOOL_CONVERSION = YES;
				CLANG_WARN_COMMA = YES;
				CLANG_WARN_CONSTANT_CONVERSION = YES;
				CLANG_WARN_DIRECT_OBJC_ISA_USAGE = YES_ERROR;
				CLANG_WARN_DOCUMENTATION_COMMENTS = YES;
				CLANG_WARN_EMPTY_BODY = YES;
				CLANG_WARN_ENUM_CONVERSION = YES;
				CLANG_WARN_INFINITE_RECURSION = YES;
				CLANG_WARN_INT_CONVERSION = YES;
				CLANG_WARN_NON_LITERAL_NULL_CONVERSION = YES;
				CLANG_WARN_OBJC_LITERAL_CONVERSION = YES;
				CLANG_WARN_OBJC_ROOT_CLASS = YES_ERROR;
				CLANG_WARN_RANGE_LOOP_ANALYSIS = YES;
				CLANG_WARN_STRICT_PROTOTYPES = YES;
				CLANG_WARN_SUSPICIOUS_MOVE = YES;
				CLANG_WARN_UNREACHABLE_CODE = YES;
				CLANG_WARN__DUPLICATE_METHOD_MATCH = YES;
				CODE_SIGN_IDENTITY = "-";
				COPY_PHASE_STRIP = NO;
				DEBUG_INFORMATION_FORMAT = dwarf;
				ENABLE_STRICT_OBJC_MSGSEND = YES;
				ENABLE_TESTABILITY = YES;
				GCC_C_LANGUAGE_STANDARD = gnu99;
				GCC_DYNAMIC_NO_PIC = NO;
				GCC_NO_COMMON_BLOCKS = YES;
				GCC_OPTIMIZATION_LEVEL = 0;
				GCC_PREPROCESSOR_DEFINITIONS = (
					"DEBUG=1",
					"$(inherited)",
				);
				GCC_WARN_64_TO_32_BIT_CONVERSION = YES;
				GCC_WARN_ABOUT_RETURN_TYPE = YES_ERROR;
				GCC_WARN_UNDECLARED_SELECTOR = YES;
				GCC_WARN_UNINITIALIZED_AUTOS = YES_AGGRESSIVE;
				GCC_WARN_UNUSED_FUNCTION = YES;
				GCC_WARN_UNUSED_VARIABLE = YES;
				MACOSX_DEPLOYMENT_TARGET = 10.12;
				MTL_ENABLE_DEBUG_INFO = YES;
				ONLY_ACTIVE_ARCH = YES;
				SDKROOT = macosx;
			};
			name = Debug;
		};
		134062921E8E4B3E00D888C4 /* Release */ = {
			isa = XCBuildConfiguration;
			buildSettings = {
				ALWAYS_SEARCH_USER_PATHS = NO;
				CLANG_ANALYZER_NONNULL = YES;
				CLANG_ANALYZER_NUMBER_OBJECT_CONVERSION = YES_AGGRESSIVE;
				CLANG_CXX_LANGUAGE_STANDARD = "gnu++0x";
				CLANG_CXX_LIBRARY = "libc++";
				CLANG_ENABLE_MODULES = YES;
				CLANG_ENABLE_OBJC_ARC = YES;
				CLANG_WARN_BLOCK_CAPTURE_AUTORELEASING = YES;
				CLANG_WARN_BOOL_CONVERSION = YES;
				CLANG_WARN_COMMA = YES;
				CLANG_WARN_CONSTANT_CONVERSION = YES;
				CLANG_WARN_DIRECT_OBJC_ISA_USAGE = YES_ERROR;
				CLANG_WARN_DOCUMENTATION_COMMENTS = YES;
				CLANG_WARN_EMPTY_BODY = YES;
				CLANG_WARN_ENUM_CONVERSION = YES;
				CLANG_WARN_INFINITE_RECURSION = YES;
				CLANG_WARN_INT_CONVERSION = YES;
				CLANG_WARN_NON_LITERAL_NULL_CONVERSION = YES;
				CLANG_WARN_OBJC_LITERAL_CONVERSION = YES;
				CLANG_WARN_OBJC_ROOT_CLASS = YES_ERROR;
				CLANG_WARN_RANGE_LOOP_ANALYSIS = YES;
				CLANG_WARN_STRICT_PROTOTYPES = YES;
				CLANG_WARN_SUSPICIOUS_MOVE = YES;
				CLANG_WARN_UNREACHABLE_CODE = YES;
				CLANG_WARN__DUPLICATE_METHOD_MATCH = YES;
				CODE_SIGN_IDENTITY = "-";
				COPY_PHASE_STRIP = NO;
				DEBUG_INFORMATION_FORMAT = "dwarf-with-dsym";
				ENABLE_NS_ASSERTIONS = NO;
				ENABLE_STRICT_OBJC_MSGSEND = YES;
				GCC_C_LANGUAGE_STANDARD = gnu99;
				GCC_NO_COMMON_BLOCKS = YES;
				GCC_WARN_64_TO_32_BIT_CONVERSION = YES;
				GCC_WARN_ABOUT_RETURN_TYPE = YES_ERROR;
				GCC_WARN_UNDECLARED_SELECTOR = YES;
				GCC_WARN_UNINITIALIZED_AUTOS = YES_AGGRESSIVE;
				GCC_WARN_UNUSED_FUNCTION = YES;
				GCC_WARN_UNUSED_VARIABLE = YES;
				MACOSX_DEPLOYMENT_TARGET = 10.12;
				MTL_ENABLE_DEBUG_INFO = NO;
				SDKROOT = macosx;
			};
			name = Release;
		};
		134062941E8E4B3E00D888C4 /* Debug */ = {
			isa = XCBuildConfiguration;
			buildSettings = {
				DEVELOPMENT_TEAM = EF64T58JW4;
				PRODUCT_NAME = "$(TARGET_NAME)";
			};
			name = Debug;
		};
		134062951E8E4B3E00D888C4 /* Release */ = {
			isa = XCBuildConfiguration;
			buildSettings = {
				DEVELOPMENT_TEAM = EF64T58JW4;
				PRODUCT_NAME = "$(TARGET_NAME)";
			};
			name = Release;
		};
/* End XCBuildConfiguration section */

/* Begin XCConfigurationList section */
		134062871E8E4B3E00D888C4 /* Build configuration list for PBXProject "lsd" */ = {
			isa = XCConfigurationList;
			buildConfigurations = (
				134062911E8E4B3E00D888C4 /* Debug */,
				134062921E8E4B3E00D888C4 /* Release */,
			);
			defaultConfigurationIsVisible = 0;
			defaultConfigurationName = Release;
		};
		134062931E8E4B3E00D888C4 /* Build configuration list for PBXNativeTarget "lsd" */ = {
			isa = XCConfigurationList;
			buildConfigurations = (
				134062941E8E4B3E00D888C4 /* Debug */,
				134062951E8E4B3E00D888C4 /* Release */,
			);
			defaultConfigurationIsVisible = 0;
			defaultConfigurationName = Release;
		};
/* End XCConfigurationList section */
	};
	rootObject = 134062841E8E4B3E00D888C4 /* Project object */;
}
